<?xml version="1.0" encoding="utf-8"?>
<Project ToolsVersion="4.0" xmlns="http://schemas.microsoft.com/developer/msbuild/2003">
  <ItemGroup>
    <Filter Include="Misc">
      <UniqueIdentifier>{51305279-6bae-4832-80a7-1025ff1aeb0f}</UniqueIdentifier>
    </Filter>
    <Filter Include="Include">
      <UniqueIdentifier>{93995380-89BD-4b04-88EB-625FBE52EBFB}</UniqueIdentifier>
      <Extensions>h;hh;hpp;hxx;h++;hm;inl;inc;ipp;xsd</Extensions>
    </Filter>
    <Filter Include="src">
      <UniqueIdentifier>{4FC737F1-C7A5-4376-A066-2A32D752A2FF}</UniqueIdentifier>
      <Extensions>cpp;c;cc;cxx;c++;cppm;ixx;def;odl;idl;hpj;bat;asm;asmx</Extensions>
    </Filter>
    <Filter Include="git">
      <UniqueIdentifier>{a6eba3ba-0cd7-4a99-b0a4-9c9a95a6a04e}</UniqueIdentifier>
    </Filter>
    <Filter Include="format">
      <UniqueIdentifier>{17b0cd59-7b3d-41f7-8bbe-abcdeabebae6}</UniqueIdentifier>
    </Filter>
    <Filter Include="Project">
      <UniqueIdentifier>{421f5313-c073-40af-8946-685a6a6d4896}</UniqueIdentifier>
    </Filter>
    <Filter Include="Rules">
      <UniqueIdentifier>{3a6aec7e-f848-4e6c-bd66-183de5dcb4fc}</UniqueIdentifier>
    </Filter>
    <Filter Include="Asm">
      <UniqueIdentifier>{8e3c5daa-281e-4a6b-bff5-a7cd50807a34}</UniqueIdentifier>
    </Filter>
    <Filter Include="Log">
      <UniqueIdentifier>{b060070b-8344-4f79-8b3b-969aa7d99b93}</UniqueIdentifier>
    </Filter>
    <Filter Include="Vcpkg">
      <UniqueIdentifier>{5b2f3d47-d35d-429b-acd3-1ad195a8da73}</UniqueIdentifier>
    </Filter>
  </ItemGroup>
  <ItemGroup>
    <ClCompile Include="src\Colors.cpp">
      <Filter>src</Filter>
    </ClCompile>
    <ClCompile Include="src\Error.cpp">
      <Filter>src</Filter>
    </ClCompile>
    <ClCompile Include="src\Main.cpp">
      <Filter>src</Filter>
    </ClCompile>
    <ClCompile Include="src\Matrix.cpp">
      <Filter>src</Filter>
    </ClCompile>
    <ClCompile Include="src\Random.cpp">
      <Filter>src</Filter>
    </ClCompile>
  </ItemGroup>
  <ItemGroup>
    <ClInclude Include="include\Colors.hpp">
      <Filter>Include</Filter>
    </ClInclude>
    <ClInclude Include="include\Error.hpp">
      <Filter>Include</Filter>
    </ClInclude>
    <ClInclude Include="include\Main.hpp">
      <Filter>Include</Filter>
    </ClInclude>
    <ClInclude Include="include\Matrix.hpp">
      <Filter>Include</Filter>
    </ClInclude>
    <ClInclude Include="include\MyTypes.hpp">
      <Filter>Include</Filter>
    </ClInclude>
    <ClInclude Include="include\Random.hpp">
      <Filter>Include</Filter>
    </ClInclude>
  </ItemGroup>
  <ItemGroup>
    <None Include="ClassDiagram.cd">
      <Filter>Misc</Filter>
    </None>
    <None Include=".gitattributes">
      <Filter>git</Filter>
    </None>
    <None Include=".gitignore">
      <Filter>git</Filter>
    </None>
    <None Include="README.md">
      <Filter>git</Filter>
    </None>
    <None Include=".editorconfig">
      <Filter>format</Filter>
    </None>
    <None Include=".clang-format">
      <Filter>format</Filter>
    </None>
    <None Include="Macros.props">
      <Filter>Project</Filter>
    </None>
    <None Include="cpp.hint">
      <Filter>Misc</Filter>
    </None>
    <None Include="PropertySheet.user">
      <Filter>Project</Filter>
    </None>
    <None Include="Rules.ruleset">
      <Filter>Rules</Filter>
    </None>
    <None Include="Matrix\x64\MyConfigDebug\Colors.asm">
      <Filter>Asm</Filter>
    </None>
    <None Include="Matrix\x64\MyConfigDebug\Main.asm">
      <Filter>Asm</Filter>
    </None>
    <None Include="Matrix\x64\MyConfigDebug\Error.asm">
      <Filter>Asm</Filter>
    </None>
    <None Include="Matrix\x64\MyConfigDebug\Matrix.asm">
      <Filter>Asm</Filter>
    </None>
    <None Include="Matrix\x64\MyConfigDebug\Random.asm">
      <Filter>Asm</Filter>
    </None>
    <None Include="Matrix\x64\MyConfigDebug\std.asm">
      <Filter>Asm</Filter>
    </None>
    <None Include="Matrix\x64\MyConfigDebug\std.compat.asm">
      <Filter>Asm</Filter>
    </None>
    <None Include="vcpkg.json">
      <Filter>Vcpkg</Filter>
    </None>
    <None Include="vcpkg-configuration.json">
      <Filter>Vcpkg</Filter>
    </None>
  </ItemGroup>
  <ItemGroup>
    <Text Include="Matrix\x64\MyConfigDebug\Matrix.log">
      <Filter>Log</Filter>
    </Text>
  </ItemGroup>
</Project>